github.com/davecgh/go-spew v1.1.0 h1:ZDRjVQ15GmhC3fiQ8ni8+OwkZQO4DARzQgrnXU1Liz8=
github.com/davecgh/go-spew v1.1.0/go.mod h1:J7Y8YcW2NihsgmVo/mv3lAwl/skON4iLHjSsI+c5H38=
github.com/pmezard/go-difflib v1.0.0 h1:4DBwDE0NGyQoBHbLQYPwSUPoCMWR5BEzIk/f1lZbAQM=
github.com/pmezard/go-difflib v1.0.0/go.mod h1:iKH77koFhYxTK1pcRnkKkqfTogsbg7gZNVY4sRDYZ/4=
github.com/stretchr/testify v1.7.0 h1:nwc3DEeHmmLAfoZucVR881uASk0Mfjw8xYJ99tb5CcY=
github.com/stretchr/testify v1.7.0/go.mod h1:6Fq8oRcR53rry900zMqJjRRixrwX3KX962/h/Wwjteg=
go.n16f.net/program v0.0.0-20250918094618-b194f071aee8 h1:bomQsYqjlyvj4R8/FPVUWdFog4MqfDXh+fqVKYlMzxQ=
go.n16f.net/program v0.0.0-20250918094618-b194f071aee8/go.mod h1:uqaf0reMQb2Sgv9QF+GmrCkpDYr+hVT8yfGzCzi5tNY=
golang.org/x/exp v0.0.0-20251023183803-a4bb9ffd2546 h1:mgKeJMpvi0yx/sU5GsxQ7p6s2wtOnGAHZWCHUM4KGzY=
golang.org/x/exp v0.0.0-20251023183803-a4bb9ffd2546/go.mod h1:j/pmGrbnkbPtQfxEe5D0VQhZC6qKbfKifgD0oM7sR70=
golang.org/x/image v0.24.0 h1:AN7zRgVsbvmTfNyqIbbOraYL8mSwcKncEj8ofjgzcMQ=
golang.org/x/image v0.24.0/go.mod h1:4b/ITuLfqYq1hqZcjofwctIhi7sZh2WaCjvsBNjjya8=
golang.org/x/sys v0.37.0 h1:fdNQudmxPjkdUTPnLn5mdQv7Zwvbvpaxqs831goi9kQ=
golang.org/x/sys v0.37.0/go.mod h1:OgkHotnGiDImocRcuBABYBEXf8A9a87e/uXjp9XT3ks=
golang.org/x/term v0.36.0 h1:zMPR+aF8gfksFprF/Nc/rd1wRS1EI6nDBGyWAvDzx2Q=
golang.org/x/term v0.36.0/go.mod h1:Qu394IJq6V6dCBRgwqshf3mPF85AqzYEzofzRdZkWss=
gopkg.in/yaml.v3 v3.0.1 h1:fxVm/GzAzEWqLHuvctI91KS9hhNmmWOoWu0XTYJS7CA=
gopkg.in/yaml.v3 v3.0.1/go.mod h1:K4uyk7z7BCEPqu6E+C64Yfv1cQ7kz7rIZviUmN+EgEM=
